
Microsoft Visual Studio Solution File, Format Version 12.00
# Visual Studio Version 17
VisualStudioVersion = 17.0.31612.314
MinimumVisualStudioVersion = 10.0.40219.1
Project("{9A19103F-16F7-4668-BE54-9A1E7A4F7556}") = "ArcadeBot", "DiscordBot\ArcadeBot.csproj", "{921D8532-E51D-4734-A335-87ECD575A2F9}"
EndProject
Project("{9A19103F-16F7-4668-BE54-9A1E7A4F7556}") = "ArcadeBotStart", "DiscordBotStart\ArcadeBotStart.csproj", "{2F345483-085B-42DD-B271-48FF4E4A29C0}"
EndProject
Project("{9A19103F-16F7-4668-BE54-9A1E7A4F7556}") = "ArcadeBot.Infrastructure", "ArcadeBot.Infrastructure\ArcadeBot.Infrastructure.csproj", "{D116B940-7BC2-49BF-BB4A-D936F8422C3E}"
EndProject
Global
	GlobalSection(SolutionConfigurationPlatforms) = preSolution
		Debug|Any CPU = Debug|Any CPU
		Release|Any CPU = Release|Any CPU
	EndGlobalSection
	GlobalSection(ProjectConfigurationPlatforms) = postSolution
		{921D8532-E51D-4734-A335-87ECD575A2F9}.Debug|Any CPU.ActiveCfg = Debug|Any CPU
		{921D8532-E51D-4734-A335-87ECD575A2F9}.Debug|Any CPU.Build.0 = Debug|Any CPU
		{921D8532-E51D-4734-A335-87ECD575A2F9}.Release|Any CPU.ActiveCfg = Release|Any CPU
		{921D8532-E51D-4734-A335-87ECD575A2F9}.Release|Any CPU.Build.0 = Release|Any CPU
		{2F345483-085B-42DD-B271-48FF4E4A29C0}.Debug|Any CPU.ActiveCfg = Debug|Any CPU
		{2F345483-085B-42DD-B271-48FF4E4A29C0}.Debug|Any CPU.Build.0 = Debug|Any CPU
		{2F345483-085B-42DD-B271-48FF4E4A29C0}.Release|Any CPU.ActiveCfg = Release|Any CPU
		{2F345483-085B-42DD-B271-48FF4E4A29C0}.Release|Any CPU.Build.0 = Release|Any CPU
		{D116B940-7BC2-49BF-BB4A-D936F8422C3E}.Debug|Any CPU.ActiveCfg = Debug|Any CPU
		{D116B940-7BC2-49BF-BB4A-D936F8422C3E}.Debug|Any CPU.Build.0 = Debug|Any CPU
		{D116B940-7BC2-49BF-BB4A-D936F8422C3E}.Release|Any CPU.ActiveCfg = Release|Any CPU
		{D116B940-7BC2-49BF-BB4A-D936F8422C3E}.Release|Any CPU.Build.0 = Release|Any CPU
	EndGlobalSection
	GlobalSection(SolutionProperties) = preSolution
		HideSolutionNode = FALSE
	EndGlobalSection
	GlobalSection(ExtensibilityGlobals) = postSolution
		SolutionGuid = {17E525CA-3B86-4F49-B642-03D21F7D6C91}
	EndGlobalSection
EndGlobal
